
Microsoft Visual Studio Solution File, Format Version 12.00
# Visual Studio Version 17
VisualStudioVersion = 17.5.002.0
MinimumVisualStudioVersion = 10.0.40219.1
Project("{9A19103F-16F7-4668-BE54-9A1E7A4F7556}") = "Lista4", "Lista4\Lista4.csproj", "{C6070E54-90FF-4141-BD6B-D1772150144F}"
EndProject
Project("{2150E333-8FDC-42A3-9474-1A3956D46DE8}") = "Lista 3", "Lista 3", "{C2AD011E-9C53-4677-9C4D-E2E332E7E5DE}"
EndProject
Project("{9A19103F-16F7-4668-BE54-9A1E7A4F7556}") = "main", "Lista 3\Atv 1\main.csproj", "{E408A9F1-6F48-45B4-BD40-3EBFD372A696}"
EndProject
Project("{9A19103F-16F7-4668-BE54-9A1E7A4F7556}") = "main (1)", "Lista 3\Atv 10\main.csproj", "{97CE906B-1371-41D7-B3E1-2F030A74DDD1}"
EndProject
Project("{9A19103F-16F7-4668-BE54-9A1E7A4F7556}") = "main (2)", "Lista 3\Atv 11\main.csproj", "{AA5F94E8-F059-4DEC-AC6C-C8276A9DDE38}"
EndProject
Project("{9A19103F-16F7-4668-BE54-9A1E7A4F7556}") = "main (3)", "Lista 3\Atv 2\main.csproj", "{CFEF1F80-373C-4928-BAB0-D93E7718FA67}"
EndProject
Project("{9A19103F-16F7-4668-BE54-9A1E7A4F7556}") = "main (4)", "Lista 3\Atv 3\main.csproj", "{9C15200D-8AB2-4197-8343-AF24F15B4FA8}"
EndProject
Project("{9A19103F-16F7-4668-BE54-9A1E7A4F7556}") = "main (5)", "Lista 3\Atv 4\main.csproj", "{CC96D69F-BC44-4094-A3DB-8BF071B4CC14}"
EndProject
Project("{9A19103F-16F7-4668-BE54-9A1E7A4F7556}") = "main (6)", "Lista 3\Atv 5\main.csproj", "{91354AE7-8CB5-4401-B34D-0C2790027B9B}"
EndProject
Project("{9A19103F-16F7-4668-BE54-9A1E7A4F7556}") = "main (7)", "Lista 3\Atv 6\main.csproj", "{E5A78F47-87D5-499F-82FA-E7943D94B1FA}"
EndProject
Project("{9A19103F-16F7-4668-BE54-9A1E7A4F7556}") = "main (8)", "Lista 3\Atv 7\main.csproj", "{8A1FFD86-30F2-422A-BAF5-98E28DEABE5E}"
EndProject
Project("{9A19103F-16F7-4668-BE54-9A1E7A4F7556}") = "main (9)", "Lista 3\Atv 8\main.csproj", "{E371CF1B-6962-402D-A8E8-E3F9EC3759FA}"
EndProject
Project("{9A19103F-16F7-4668-BE54-9A1E7A4F7556}") = "main (10)", "Lista 3\Atv 9\main.csproj", "{9CEC2A77-7576-4E95-B900-188D89D06AA6}"
EndProject
Global
	GlobalSection(SolutionConfigurationPlatforms) = preSolution
		Debug|Any CPU = Debug|Any CPU
		Release|Any CPU = Release|Any CPU
	EndGlobalSection
	GlobalSection(ProjectConfigurationPlatforms) = postSolution
		{C6070E54-90FF-4141-BD6B-D1772150144F}.Debug|Any CPU.ActiveCfg = Debug|Any CPU
		{C6070E54-90FF-4141-BD6B-D1772150144F}.Debug|Any CPU.Build.0 = Debug|Any CPU
		{C6070E54-90FF-4141-BD6B-D1772150144F}.Release|Any CPU.ActiveCfg = Release|Any CPU
		{C6070E54-90FF-4141-BD6B-D1772150144F}.Release|Any CPU.Build.0 = Release|Any CPU
		{E408A9F1-6F48-45B4-BD40-3EBFD372A696}.Debug|Any CPU.ActiveCfg = Debug|Any CPU
		{E408A9F1-6F48-45B4-BD40-3EBFD372A696}.Debug|Any CPU.Build.0 = Debug|Any CPU
		{E408A9F1-6F48-45B4-BD40-3EBFD372A696}.Release|Any CPU.ActiveCfg = Release|Any CPU
		{E408A9F1-6F48-45B4-BD40-3EBFD372A696}.Release|Any CPU.Build.0 = Release|Any CPU
		{97CE906B-1371-41D7-B3E1-2F030A74DDD1}.Debug|Any CPU.ActiveCfg = Debug|Any CPU
		{97CE906B-1371-41D7-B3E1-2F030A74DDD1}.Debug|Any CPU.Build.0 = Debug|Any CPU
		{97CE906B-1371-41D7-B3E1-2F030A74DDD1}.Release|Any CPU.ActiveCfg = Release|Any CPU
		{97CE906B-1371-41D7-B3E1-2F030A74DDD1}.Release|Any CPU.Build.0 = Release|Any CPU
		{AA5F94E8-F059-4DEC-AC6C-C8276A9DDE38}.Debug|Any CPU.ActiveCfg = Debug|Any CPU
		{AA5F94E8-F059-4DEC-AC6C-C8276A9DDE38}.Debug|Any CPU.Build.0 = Debug|Any CPU
		{AA5F94E8-F059-4DEC-AC6C-C8276A9DDE38}.Release|Any CPU.ActiveCfg = Release|Any CPU
		{AA5F94E8-F059-4DEC-AC6C-C8276A9DDE38}.Release|Any CPU.Build.0 = Release|Any CPU
		{CFEF1F80-373C-4928-BAB0-D93E7718FA67}.Debug|Any CPU.ActiveCfg = Debug|Any CPU
		{CFEF1F80-373C-4928-BAB0-D93E7718FA67}.Debug|Any CPU.Build.0 = Debug|Any CPU
		{CFEF1F80-373C-4928-BAB0-D93E7718FA67}.Release|Any CPU.ActiveCfg = Release|Any CPU
		{CFEF1F80-373C-4928-BAB0-D93E7718FA67}.Release|Any CPU.Build.0 = Release|Any CPU
		{9C15200D-8AB2-4197-8343-AF24F15B4FA8}.Debug|Any CPU.ActiveCfg = Debug|Any CPU
		{9C15200D-8AB2-4197-8343-AF24F15B4FA8}.Debug|Any CPU.Build.0 = Debug|Any CPU
		{9C15200D-8AB2-4197-8343-AF24F15B4FA8}.Release|Any CPU.ActiveCfg = Release|Any CPU
		{9C15200D-8AB2-4197-8343-AF24F15B4FA8}.Release|Any CPU.Build.0 = Release|Any CPU
		{CC96D69F-BC44-4094-A3DB-8BF071B4CC14}.Debug|Any CPU.ActiveCfg = Debug|Any CPU
		{CC96D69F-BC44-4094-A3DB-8BF071B4CC14}.Debug|Any CPU.Build.0 = Debug|Any CPU
		{CC96D69F-BC44-4094-A3DB-8BF071B4CC14}.Release|Any CPU.ActiveCfg = Release|Any CPU
		{CC96D69F-BC44-4094-A3DB-8BF071B4CC14}.Release|Any CPU.Build.0 = Release|Any CPU
		{91354AE7-8CB5-4401-B34D-0C2790027B9B}.Debug|Any CPU.ActiveCfg = Debug|Any CPU
		{91354AE7-8CB5-4401-B34D-0C2790027B9B}.Debug|Any CPU.Build.0 = Debug|Any CPU
		{91354AE7-8CB5-4401-B34D-0C2790027B9B}.Release|Any CPU.ActiveCfg = Release|Any CPU
		{91354AE7-8CB5-4401-B34D-0C2790027B9B}.Release|Any CPU.Build.0 = Release|Any CPU
		{E5A78F47-87D5-499F-82FA-E7943D94B1FA}.Debug|Any CPU.ActiveCfg = Debug|Any CPU
		{E5A78F47-87D5-499F-82FA-E7943D94B1FA}.Debug|Any CPU.Build.0 = Debug|Any CPU
		{E5A78F47-87D5-499F-82FA-E7943D94B1FA}.Release|Any CPU.ActiveCfg = Release|Any CPU
		{E5A78F47-87D5-499F-82FA-E7943D94B1FA}.Release|Any CPU.Build.0 = Release|Any CPU
		{8A1FFD86-30F2-422A-BAF5-98E28DEABE5E}.Debug|Any CPU.ActiveCfg = Debug|Any CPU
		{8A1FFD86-30F2-422A-BAF5-98E28DEABE5E}.Debug|Any CPU.Build.0 = Debug|Any CPU
		{8A1FFD86-30F2-422A-BAF5-98E28DEABE5E}.Release|Any CPU.ActiveCfg = Release|Any CPU
		{8A1FFD86-30F2-422A-BAF5-98E28DEABE5E}.Release|Any CPU.Build.0 = Release|Any CPU
		{E371CF1B-6962-402D-A8E8-E3F9EC3759FA}.Debug|Any CPU.ActiveCfg = Debug|Any CPU
		{E371CF1B-6962-402D-A8E8-E3F9EC3759FA}.Debug|Any CPU.Build.0 = Debug|Any CPU
		{E371CF1B-6962-402D-A8E8-E3F9EC3759FA}.Release|Any CPU.ActiveCfg = Release|Any CPU
		{E371CF1B-6962-402D-A8E8-E3F9EC3759FA}.Release|Any CPU.Build.0 = Release|Any CPU
		{9CEC2A77-7576-4E95-B900-188D89D06AA6}.Debug|Any CPU.ActiveCfg = Debug|Any CPU
		{9CEC2A77-7576-4E95-B900-188D89D06AA6}.Debug|Any CPU.Build.0 = Debug|Any CPU
		{9CEC2A77-7576-4E95-B900-188D89D06AA6}.Release|Any CPU.ActiveCfg = Release|Any CPU
		{9CEC2A77-7576-4E95-B900-188D89D06AA6}.Release|Any CPU.Build.0 = Release|Any CPU
	EndGlobalSection
	GlobalSection(SolutionProperties) = preSolution
		HideSolutionNode = FALSE
	EndGlobalSection
	GlobalSection(NestedProjects) = preSolution
		{E408A9F1-6F48-45B4-BD40-3EBFD372A696} = {C2AD011E-9C53-4677-9C4D-E2E332E7E5DE}
		{97CE906B-1371-41D7-B3E1-2F030A74DDD1} = {C2AD011E-9C53-4677-9C4D-E2E332E7E5DE}
		{AA5F94E8-F059-4DEC-AC6C-C8276A9DDE38} = {C2AD011E-9C53-4677-9C4D-E2E332E7E5DE}
		{CFEF1F80-373C-4928-BAB0-D93E7718FA67} = {C2AD011E-9C53-4677-9C4D-E2E332E7E5DE}
		{9C15200D-8AB2-4197-8343-AF24F15B4FA8} = {C2AD011E-9C53-4677-9C4D-E2E332E7E5DE}
		{CC96D69F-BC44-4094-A3DB-8BF071B4CC14} = {C2AD011E-9C53-4677-9C4D-E2E332E7E5DE}
		{91354AE7-8CB5-4401-B34D-0C2790027B9B} = {C2AD011E-9C53-4677-9C4D-E2E332E7E5DE}
		{E5A78F47-87D5-499F-82FA-E7943D94B1FA} = {C2AD011E-9C53-4677-9C4D-E2E332E7E5DE}
		{8A1FFD86-30F2-422A-BAF5-98E28DEABE5E} = {C2AD011E-9C53-4677-9C4D-E2E332E7E5DE}
		{E371CF1B-6962-402D-A8E8-E3F9EC3759FA} = {C2AD011E-9C53-4677-9C4D-E2E332E7E5DE}
		{9CEC2A77-7576-4E95-B900-188D89D06AA6} = {C2AD011E-9C53-4677-9C4D-E2E332E7E5DE}
	EndGlobalSection
	GlobalSection(ExtensibilityGlobals) = postSolution
		SolutionGuid = {8D96EB5B-865E-4CA5-81BD-20E6948F553E}
	EndGlobalSection
EndGlobal
